<?xml version="1.0" encoding="utf-8"?>
<Project ToolsVersion="4.0" xmlns="http://schemas.microsoft.com/developer/msbuild/2003">
  <ItemGroup>
    <Filter Include="Header Files">
      <UniqueIdentifier>{93995380-89BD-4b04-88EB-625FBE52EBFB}</UniqueIdentifier>
      <Extensions>h;hh;hpp;hxx;hm;inl;inc;xsd</Extensions>
    </Filter>
    <Filter Include="Resource Files">
      <UniqueIdentifier>{67DA6AB6-F800-4c08-8B7A-83BB121AAD01}</UniqueIdentifier>
      <Extensions>rc;ico;cur;bmp;dlg;rc2;rct;bin;rgs;gif;jpg;jpeg;jpe;resx;tiff;tif;png;wav;mfcribbon-ms</Extensions>
    </Filter>
    <Filter Include="Shaders">
      <UniqueIdentifier>{4f0e3cf3-f1b2-42a2-b17b-630aff08d4da}</UniqueIdentifier>
      <Extensions>.hlsl</Extensions>
    </Filter>
    <Filter Include="Graphics">
      <UniqueIdentifier>{da8e48b0-1cf6-457b-afa3-30e85a08c2e4}</UniqueIdentifier>
    </Filter>
    <Filter Include="Graphics\DirectX12">
      <UniqueIdentifier>{487173d8-4c6b-4084-9497-596ab1a50127}</UniqueIdentifier>
    </Filter>
    <Filter Include="Platform">
      <UniqueIdentifier>{f2653c77-10bd-43ad-b2bc-5b174ea7a7d8}</UniqueIdentifier>
    </Filter>
    <Filter Include="Loader">
      <UniqueIdentifier>{3bd61dfe-3103-45c8-ab9d-c42a55bda1f6}</UniqueIdentifier>
    </Filter>
    <Filter Include="Scene">
      <UniqueIdentifier>{af7c7b4e-d730-4cbd-bdf6-f8477fd90bf0}</UniqueIdentifier>
    </Filter>
    <Filter Include="Input">
      <UniqueIdentifier>{a8a4a40d-14f9-4a0c-9470-f88faa40dbda}</UniqueIdentifier>
    </Filter>
    <Filter Include="Asset">
      <UniqueIdentifier>{cdbcc363-4744-4706-a26b-bdca859d4ab0}</UniqueIdentifier>
    </Filter>
    <Filter Include="Graphics\Vulkan">
      <UniqueIdentifier>{fa389fe0-2392-425c-a085-5ca66d2e0972}</UniqueIdentifier>
    </Filter>
    <Filter Include="NodeTree">
      <UniqueIdentifier>{7a1ace21-59f2-4b84-9c04-1e6982503dcd}</UniqueIdentifier>
    </Filter>
  </ItemGroup>
  <ItemGroup>
    <ClInclude Include="SHeader.h">
      <Filter>Header Files</Filter>
    </ClInclude>
    <ClInclude Include="SandEngine.h">
      <Filter>Header Files</Filter>
    </ClInclude>
    <ClInclude Include="SGraphics.h">
      <Filter>Graphics</Filter>
    </ClInclude>
    <ClInclude Include="SGraphicsInterface.h">
      <Filter>Graphics</Filter>
    </ClInclude>
    <ClInclude Include="SDirectX12.h">
      <Filter>Graphics\DirectX12</Filter>
    </ClInclude>
    <ClInclude Include="SDirectX12Device.h">
      <Filter>Graphics\DirectX12</Filter>
    </ClInclude>
    <ClInclude Include="SWindows.h">
      <Filter>Platform</Filter>
    </ClInclude>
    <ClInclude Include="SPlatformSystem.h">
      <Filter>Platform</Filter>
    </ClInclude>
    <ClInclude Include="SPlatformManager.h">
      <Filter>Platform</Filter>
    </ClInclude>
    <ClInclude Include="SLinux.h">
      <Filter>Platform</Filter>
    </ClInclude>
    <ClInclude Include="SUtils.h" />
    <ClInclude Include="STime.h" />
    <ClInclude Include="SSingletone.h" />
    <ClInclude Include="SMath.h" />
    <ClInclude Include="SSceneManager.h">
      <Filter>Scene</Filter>
    </ClInclude>
    <ClInclude Include="SImageLoader.h">
      <Filter>Loader</Filter>
    </ClInclude>
    <ClInclude Include="SLoader.h">
      <Filter>Loader</Filter>
    </ClInclude>
    <ClInclude Include="SModelLoader.h">
      <Filter>Loader</Filter>
    </ClInclude>
    <ClInclude Include="SInput.h">
      <Filter>Input</Filter>
    </ClInclude>
    <ClInclude Include="SInputManager.h">
      <Filter>Input</Filter>
    </ClInclude>
    <ClInclude Include="SImage.h">
      <Filter>Asset</Filter>
    </ClInclude>
    <ClInclude Include="SModelStruct.h">
      <Filter>Asset</Filter>
    </ClInclude>
    <ClInclude Include="SDX12Helper.h">
      <Filter>Graphics\DirectX12</Filter>
    </ClInclude>
    <ClInclude Include="SConstantBuffer.h">
      <Filter>Asset</Filter>
    </ClInclude>
    <ClInclude Include="SAnimation.h">
      <Filter>Asset</Filter>
    </ClInclude>
    <ClInclude Include="SBone.h">
      <Filter>Asset</Filter>
    </ClInclude>
    <ClInclude Include="SDX12ResourceAllocator.h">
      <Filter>Graphics\DirectX12</Filter>
    </ClInclude>
    <ClInclude Include="SDX12DescriptorHeapAllocator.h">
      <Filter>Graphics\DirectX12</Filter>
    </ClInclude>
    <ClInclude Include="SVulkanDevice.h">
      <Filter>Graphics\Vulkan</Filter>
    </ClInclude>
    <ClInclude Include="SVulkan.h">
      <Filter>Graphics\Vulkan</Filter>
    </ClInclude>
    <ClInclude Include="SScene.h">
      <Filter>Scene</Filter>
    </ClInclude>
    <ClInclude Include="SNode.h">
      <Filter>NodeTree</Filter>
    </ClInclude>
    <ClInclude Include="SDX12Pipeline.h">
      <Filter>Graphics\DirectX12</Filter>
    </ClInclude>
    <ClInclude Include="SDX12InputVertexAttributes.h">
      <Filter>Graphics\DirectX12</Filter>
    </ClInclude>
    <ClInclude Include="SDX12Resources.h">
      <Filter>Graphics\DirectX12</Filter>
    </ClInclude>
    <ClInclude Include="SDX12RootSignature.h">
      <Filter>Graphics\DirectX12</Filter>
    </ClInclude>
    <ClInclude Include="SDX12RootParameter.h">
      <Filter>Graphics\DirectX12</Filter>
    </ClInclude>
    <ClInclude Include="SMaterial.h">
      <Filter>Asset</Filter>
    </ClInclude>
  </ItemGroup>
  <ItemGroup>
    <ClCompile Include="SDirectX12.cpp">
      <Filter>Graphics\DirectX12</Filter>
    </ClCompile>
    <ClCompile Include="SDirectX12Device.cpp">
      <Filter>Graphics\DirectX12</Filter>
    </ClCompile>
    <ClCompile Include="SGraphics.cpp">
      <Filter>Graphics</Filter>
    </ClCompile>
    <ClCompile Include="SWindows.cpp">
      <Filter>Platform</Filter>
    </ClCompile>
    <ClCompile Include="SUtils.cpp" />
    <ClCompile Include="SMath.cpp" />
    <ClCompile Include="SSceneManager.cpp">
      <Filter>Scene</Filter>
    </ClCompile>
    <ClCompile Include="SImageLoader.cpp">
      <Filter>Loader</Filter>
    </ClCompile>
    <ClCompile Include="SModelLoader.cpp">
      <Filter>Loader</Filter>
    </ClCompile>
    <ClCompile Include="SImage.cpp">
      <Filter>Asset</Filter>
    </ClCompile>
    <ClCompile Include="SDX12Helper.cpp">
      <Filter>Graphics\DirectX12</Filter>
    </ClCompile>
    <ClCompile Include="SModelStruct.cpp">
      <Filter>Asset</Filter>
    </ClCompile>
    <ClCompile Include="SAnimation.cpp">
      <Filter>Asset</Filter>
    </ClCompile>
    <ClCompile Include="SDX12ResourceAllocator.cpp">
      <Filter>Graphics\DirectX12</Filter>
    </ClCompile>
    <ClCompile Include="SVulkanDevice.cpp">
      <Filter>Graphics\Vulkan</Filter>
    </ClCompile>
    <ClCompile Include="SVulkan.cpp">
      <Filter>Graphics\Vulkan</Filter>
    </ClCompile>
    <ClCompile Include="SScene.cpp">
      <Filter>Scene</Filter>
    </ClCompile>
    <ClCompile Include="SNode.cpp">
      <Filter>NodeTree</Filter>
    </ClCompile>
    <ClCompile Include="SDX12Pipeline.cpp">
      <Filter>Graphics\DirectX12</Filter>
    </ClCompile>
    <ClCompile Include="SDX12DescriptorHeapAllocator.cpp">
      <Filter>Graphics\DirectX12</Filter>
    </ClCompile>
    <ClCompile Include="SDX12InputVertexAttributes.cpp" />
    <ClCompile Include="SDX12Resources.cpp">
      <Filter>Graphics\DirectX12</Filter>
    </ClCompile>
    <ClCompile Include="SDX12RootSignature.cpp">
      <Filter>Graphics\DirectX12</Filter>
    </ClCompile>
  </ItemGroup>
  <ItemGroup>
    <FxCompile Include="Shaders\SkinnedPixelShader.hlsl">
      <Filter>Shaders</Filter>
    </FxCompile>
    <FxCompile Include="Shaders\SkinnedVertexShader.hlsl">
      <Filter>Shaders</Filter>
    </FxCompile>
    <FxCompile Include="Shaders\TexturePixelShader.hlsl">
      <Filter>Shaders</Filter>
    </FxCompile>
    <FxCompile Include="Shaders\TextureVertexShader.hlsl">
      <Filter>Shaders</Filter>
    </FxCompile>
  </ItemGroup>
</Project>