<?xml version="1.0" encoding="utf-8"?>
<Project ToolsVersion="4.0" xmlns="http://schemas.microsoft.com/developer/msbuild/2003">
  <ItemGroup>
    <ClCompile Include="Loader\ImageLoader.cpp">
      <Filter>Loader</Filter>
    </ClCompile>
    <ClCompile Include="Loader\ModelLoader.cpp">
      <Filter>Loader</Filter>
    </ClCompile>
    <ClCompile Include="Graphics\DirectX12\DirectX12.cpp">
      <Filter>Graphics\DirectX12</Filter>
    </ClCompile>
    <ClCompile Include="Graphics\DirectX12\DirectX12Device.cpp">
      <Filter>Graphics\DirectX12</Filter>
    </ClCompile>
    <ClCompile Include="Graphics\DirectX12\DX12DescriptorHeapAllocator.cpp">
      <Filter>Graphics\DirectX12</Filter>
    </ClCompile>
    <ClCompile Include="Graphics\DirectX12\DX12Helper.cpp">
      <Filter>Graphics\DirectX12</Filter>
    </ClCompile>
    <ClCompile Include="Graphics\DirectX12\DX12InputVertexAttributes.cpp">
      <Filter>Graphics\DirectX12</Filter>
    </ClCompile>
    <ClCompile Include="Graphics\DirectX12\DX12Pipeline.cpp">
      <Filter>Graphics\DirectX12</Filter>
    </ClCompile>
    <ClCompile Include="Graphics\DirectX12\DX12ResourceAllocator.cpp">
      <Filter>Graphics\DirectX12</Filter>
    </ClCompile>
    <ClCompile Include="Graphics\DirectX12\DX12Resources.cpp">
      <Filter>Graphics\DirectX12</Filter>
    </ClCompile>
    <ClCompile Include="Graphics\DirectX12\DX12RootSignature.cpp">
      <Filter>Graphics\DirectX12</Filter>
    </ClCompile>
    <ClCompile Include="Graphics\Vulkan\Vulkan.cpp">
      <Filter>Graphics\Vulkan</Filter>
    </ClCompile>
    <ClCompile Include="Graphics\Vulkan\VulkanDevice.cpp">
      <Filter>Graphics\Vulkan</Filter>
    </ClCompile>
    <ClCompile Include="Graphics\Graphics.cpp">
      <Filter>Graphics</Filter>
    </ClCompile>
    <ClCompile Include="Assets\Animation.cpp">
      <Filter>Assets</Filter>
    </ClCompile>
    <ClCompile Include="Assets\Image.cpp">
      <Filter>Assets</Filter>
    </ClCompile>
    <ClCompile Include="Assets\ModelStruct.cpp">
      <Filter>Assets</Filter>
    </ClCompile>
    <ClCompile Include="Platform\Windows.cpp">
      <Filter>Platform</Filter>
    </ClCompile>
    <ClCompile Include="Scene\Node.cpp">
      <Filter>Scene</Filter>
    </ClCompile>
    <ClCompile Include="Scene\Scene.cpp">
      <Filter>Scene</Filter>
    </ClCompile>
    <ClCompile Include="Scene\SceneManager.cpp">
      <Filter>Scene</Filter>
    </ClCompile>
    <ClCompile Include="SMath.cpp" />
    <ClCompile Include="SUtils.cpp" />
  </ItemGroup>
  <ItemGroup>
    <ClInclude Include="SandEngine.h" />
    <ClInclude Include="SHeader.h" />
    <ClInclude Include="Singletone.h" />
    <ClInclude Include="Loader\ImageLoader.h">
      <Filter>Loader</Filter>
    </ClInclude>
    <ClInclude Include="Loader\Loader.h">
      <Filter>Loader</Filter>
    </ClInclude>
    <ClInclude Include="Loader\ModelLoader.h">
      <Filter>Loader</Filter>
    </ClInclude>
    <ClInclude Include="Input\Input.h">
      <Filter>Input</Filter>
    </ClInclude>
    <ClInclude Include="Input\InputManager.h">
      <Filter>Input</Filter>
    </ClInclude>
    <ClInclude Include="Graphics\DirectX12\DirectX12.h">
      <Filter>Graphics\DirectX12</Filter>
    </ClInclude>
    <ClInclude Include="Graphics\DirectX12\DirectX12Device.h">
      <Filter>Graphics\DirectX12</Filter>
    </ClInclude>
    <ClInclude Include="Graphics\DirectX12\DX12DescriptorHeapAllocator.h">
      <Filter>Graphics\DirectX12</Filter>
    </ClInclude>
    <ClInclude Include="Graphics\DirectX12\DX12Helper.h">
      <Filter>Graphics\DirectX12</Filter>
    </ClInclude>
    <ClInclude Include="Graphics\DirectX12\DX12InputVertexAttributes.h">
      <Filter>Graphics\DirectX12</Filter>
    </ClInclude>
    <ClInclude Include="Graphics\DirectX12\DX12Pipeline.h">
      <Filter>Graphics\DirectX12</Filter>
    </ClInclude>
    <ClInclude Include="Graphics\DirectX12\DX12ResourceAllocator.h">
      <Filter>Graphics\DirectX12</Filter>
    </ClInclude>
    <ClInclude Include="Graphics\DirectX12\DX12Resources.h">
      <Filter>Graphics\DirectX12</Filter>
    </ClInclude>
    <ClInclude Include="Graphics\DirectX12\DX12RootParameter.h">
      <Filter>Graphics\DirectX12</Filter>
    </ClInclude>
    <ClInclude Include="Graphics\DirectX12\DX12RootSignature.h">
      <Filter>Graphics\DirectX12</Filter>
    </ClInclude>
    <ClInclude Include="Graphics\Vulkan\Vulkan.h">
      <Filter>Graphics\Vulkan</Filter>
    </ClInclude>
    <ClInclude Include="Graphics\Vulkan\VulkanDevice.h">
      <Filter>Graphics\Vulkan</Filter>
    </ClInclude>
    <ClInclude Include="Graphics\Graphics.h">
      <Filter>Graphics</Filter>
    </ClInclude>
    <ClInclude Include="Graphics\GraphicsInterface.h">
      <Filter>Graphics</Filter>
    </ClInclude>
    <ClInclude Include="Assets\Animation.h">
      <Filter>Assets</Filter>
    </ClInclude>
    <ClInclude Include="Assets\Bone.h">
      <Filter>Assets</Filter>
    </ClInclude>
    <ClInclude Include="Assets\ConstantBuffer.h">
      <Filter>Assets</Filter>
    </ClInclude>
    <ClInclude Include="Assets\Image.h">
      <Filter>Assets</Filter>
    </ClInclude>
    <ClInclude Include="Assets\Lighting.h">
      <Filter>Assets</Filter>
    </ClInclude>
    <ClInclude Include="Assets\Material.h">
      <Filter>Assets</Filter>
    </ClInclude>
    <ClInclude Include="Assets\ModelStruct.h">
      <Filter>Assets</Filter>
    </ClInclude>
    <ClInclude Include="Platform\Linux.h">
      <Filter>Platform</Filter>
    </ClInclude>
    <ClInclude Include="Platform\PlatformManager.h">
      <Filter>Platform</Filter>
    </ClInclude>
    <ClInclude Include="Platform\PlatformSystem.h">
      <Filter>Platform</Filter>
    </ClInclude>
    <ClInclude Include="Platform\Windows.h">
      <Filter>Platform</Filter>
    </ClInclude>
    <ClInclude Include="Scene\Node.h">
      <Filter>Scene</Filter>
    </ClInclude>
    <ClInclude Include="Scene\Scene.h">
      <Filter>Scene</Filter>
    </ClInclude>
    <ClInclude Include="Scene\SceneManager.h">
      <Filter>Scene</Filter>
    </ClInclude>
    <ClInclude Include="Scene\SceneObj.h">
      <Filter>Scene</Filter>
    </ClInclude>
    <ClInclude Include="SMath.h" />
    <ClInclude Include="STime.h" />
    <ClInclude Include="SUtils.h" />
  </ItemGroup>
  <ItemGroup>
    <Filter Include="Scene">
      <UniqueIdentifier>{6b3e3d8b-edd8-4b1c-9a4f-9bc07f32ce02}</UniqueIdentifier>
    </Filter>
    <Filter Include="Platform">
      <UniqueIdentifier>{dfde8891-b427-4898-8c0a-92da8e3d9cec}</UniqueIdentifier>
    </Filter>
    <Filter Include="Loader">
      <UniqueIdentifier>{b90d139f-440b-46f8-8e72-f55272eee0a3}</UniqueIdentifier>
    </Filter>
    <Filter Include="Input">
      <UniqueIdentifier>{50655573-d6eb-428c-b85c-2e05f6d30b23}</UniqueIdentifier>
    </Filter>
    <Filter Include="Graphics">
      <UniqueIdentifier>{ebe06a78-aa51-47bd-bdef-05703f1d28f2}</UniqueIdentifier>
    </Filter>
    <Filter Include="Assets">
      <UniqueIdentifier>{a964d103-3651-45b6-be4f-1287b23f0b68}</UniqueIdentifier>
    </Filter>
    <Filter Include="Graphics\DirectX12">
      <UniqueIdentifier>{031b40ef-01ee-4da1-8055-214121813c1e}</UniqueIdentifier>
    </Filter>
    <Filter Include="Graphics\Vulkan">
      <UniqueIdentifier>{7a1d19e4-54d1-4142-98c1-9a1aad8a7d45}</UniqueIdentifier>
    </Filter>
  </ItemGroup>
</Project>