<?xml version="1.0" encoding="utf-8"?>
<Project ToolsVersion="4.0" xmlns="http://schemas.microsoft.com/developer/msbuild/2003">
  <ItemGroup>
    <Filter Include="Source Files">
      <UniqueIdentifier>{4FC737F1-C7A5-4376-A066-2A32D752A2FF}</UniqueIdentifier>
      <Extensions>cpp;c;cc;cxx;def;odl;idl;hpj;bat;asm;asmx</Extensions>
    </Filter>
    <Filter Include="Header Files">
      <UniqueIdentifier>{93995380-89BD-4b04-88EB-625FBE52EBFB}</UniqueIdentifier>
      <Extensions>h;hh;hpp;hxx;hm;inl;inc;xsd</Extensions>
    </Filter>
    <Filter Include="Resource Files">
      <UniqueIdentifier>{67DA6AB6-F800-4c08-8B7A-83BB121AAD01}</UniqueIdentifier>
      <Extensions>rc;ico;cur;bmp;dlg;rc2;rct;bin;rgs;gif;jpg;jpeg;jpe;resx;tiff;tif;png;wav;mfcribbon-ms</Extensions>
    </Filter>
    <Filter Include="Shaders">
      <UniqueIdentifier>{4f0e3cf3-f1b2-42a2-b17b-630aff08d4da}</UniqueIdentifier>
    </Filter>
    <Filter Include="Header Files\Graphics">
      <UniqueIdentifier>{da8e48b0-1cf6-457b-afa3-30e85a08c2e4}</UniqueIdentifier>
    </Filter>
    <Filter Include="Source Files\Graphics">
      <UniqueIdentifier>{8dec6d30-6e1a-4a80-9bdd-ad3253286016}</UniqueIdentifier>
    </Filter>
    <Filter Include="Header Files\Graphics\DirectX12">
      <UniqueIdentifier>{487173d8-4c6b-4084-9497-596ab1a50127}</UniqueIdentifier>
    </Filter>
    <Filter Include="Source Files\Graphics\DirectX12">
      <UniqueIdentifier>{28143fc9-f54e-448d-991e-ab0555412006}</UniqueIdentifier>
    </Filter>
    <Filter Include="Header Files\Platform">
      <UniqueIdentifier>{f2653c77-10bd-43ad-b2bc-5b174ea7a7d8}</UniqueIdentifier>
    </Filter>
    <Filter Include="Source Files\Platform">
      <UniqueIdentifier>{d4c84b46-3f28-4e8f-b592-277688e33dad}</UniqueIdentifier>
    </Filter>
  </ItemGroup>
  <ItemGroup>
    <ClInclude Include="SHeader.h">
      <Filter>Header Files</Filter>
    </ClInclude>
    <ClInclude Include="SMath.h">
      <Filter>Header Files</Filter>
    </ClInclude>
    <ClInclude Include="SInput.h">
      <Filter>Header Files</Filter>
    </ClInclude>
    <ClInclude Include="SLinux.h">
      <Filter>Header Files</Filter>
    </ClInclude>
    <ClInclude Include="SandEngine.h">
      <Filter>Header Files</Filter>
    </ClInclude>
    <ClInclude Include="SInputManager.h">
      <Filter>Header Files</Filter>
    </ClInclude>
    <ClInclude Include="SUtils.h">
      <Filter>Header Files</Filter>
    </ClInclude>
    <ClInclude Include="SSceneNode.h">
      <Filter>Header Files</Filter>
    </ClInclude>
    <ClInclude Include="SSceneManager.h">
      <Filter>Header Files</Filter>
    </ClInclude>
    <ClInclude Include="SLoader.h">
      <Filter>Header Files</Filter>
    </ClInclude>
    <ClInclude Include="SModelLoader.h">
      <Filter>Header Files</Filter>
    </ClInclude>
    <ClInclude Include="SModelStruct.h">
      <Filter>Header Files</Filter>
    </ClInclude>
    <ClInclude Include="SModelViewProjection.h">
      <Filter>Header Files</Filter>
    </ClInclude>
    <ClInclude Include="SSingletone.h">
      <Filter>Header Files</Filter>
    </ClInclude>
    <ClInclude Include="SImageLoader.h">
      <Filter>Header Files</Filter>
    </ClInclude>
    <ClInclude Include="SImage.h">
      <Filter>Header Files</Filter>
    </ClInclude>
    <ClInclude Include="STime.h">
      <Filter>Header Files</Filter>
    </ClInclude>
    <ClInclude Include="SGraphics.h">
      <Filter>Header Files\Graphics</Filter>
    </ClInclude>
    <ClInclude Include="SGraphicsInterface.h">
      <Filter>Header Files\Graphics</Filter>
    </ClInclude>
    <ClInclude Include="SDirectX12.h">
      <Filter>Header Files\Graphics\DirectX12</Filter>
    </ClInclude>
    <ClInclude Include="SDirectX12Device.h">
      <Filter>Header Files\Graphics\DirectX12</Filter>
    </ClInclude>
    <ClInclude Include="SWindows.h">
      <Filter>Header Files\Platform</Filter>
    </ClInclude>
    <ClInclude Include="SPlatformSystem.h">
      <Filter>Header Files\Platform</Filter>
    </ClInclude>
    <ClInclude Include="SPlatformManager.h">
      <Filter>Header Files\Platform</Filter>
    </ClInclude>
    <ClInclude Include="SShaderResourceManager.h">
      <Filter>Source Files\Graphics</Filter>
    </ClInclude>
    <ClInclude Include="SDX12ShaderResourceManager.h">
      <Filter>Source Files\Graphics\DirectX12</Filter>
    </ClInclude>
  </ItemGroup>
  <ItemGroup>
    <ClCompile Include="SModelLoader.cpp">
      <Filter>Source Files</Filter>
    </ClCompile>
    <ClCompile Include="SMath.cpp">
      <Filter>Source Files</Filter>
    </ClCompile>
    <ClCompile Include="SSceneManager.cpp">
      <Filter>Source Files</Filter>
    </ClCompile>
    <ClCompile Include="SUtils.cpp">
      <Filter>Source Files</Filter>
    </ClCompile>
    <ClCompile Include="SImageLoader.cpp">
      <Filter>Source Files</Filter>
    </ClCompile>
    <ClCompile Include="SImage.cpp">
      <Filter>Source Files</Filter>
    </ClCompile>
    <ClCompile Include="SGraphics.cpp">
      <Filter>Source Files\Graphics</Filter>
    </ClCompile>
    <ClCompile Include="SDirectX12.cpp">
      <Filter>Source Files\Graphics\DirectX12</Filter>
    </ClCompile>
    <ClCompile Include="SDirectX12Device.cpp">
      <Filter>Source Files\Graphics\DirectX12</Filter>
    </ClCompile>
    <ClCompile Include="SWindows.cpp">
      <Filter>Source Files\Platform</Filter>
    </ClCompile>
    <ClCompile Include="SShaderResourceManager.cpp">
      <Filter>Source Files\Graphics</Filter>
    </ClCompile>
  </ItemGroup>
  <ItemGroup>
    <FxCompile Include="Shaders\SimplePixelShader.hlsl">
      <Filter>Shaders</Filter>
    </FxCompile>
    <FxCompile Include="Shaders\SimpleVertexShader.hlsl">
      <Filter>Shaders</Filter>
    </FxCompile>
  </ItemGroup>
</Project>